
Microsoft Visual Studio Solution File, Format Version 12.00
# Visual Studio 15
VisualStudioVersion = 15.0.28307.168
MinimumVisualStudioVersion = 10.0.40219.1
Project("{9A19103F-16F7-4668-BE54-9A1E7A4F7556}") = "PlayingWithTestHost", "PlayingWithTestHost\PlayingWithTestHost.csproj", "{A1279344-6641-4070-B949-96ED1C4B4313}"
EndProject
Project("{9A19103F-16F7-4668-BE54-9A1E7A4F7556}") = "PlayingWithTestHost.IntegrationTests", "PlayingWithTestHost.IntegrationTests\PlayingWithTestHost.IntegrationTests.csproj", "{56713DEE-7330-4896-8616-50AEC4E3D873}"
EndProject
Project("{2150E333-8FDC-42A3-9474-1A3956D46DE8}") = "Solution Items", "Solution Items", "{BEBB52ED-3D24-4EFF-8CBA-29F28BCF17BD}"
	ProjectSection(SolutionItems) = preProject
		README.md = README.md
	EndProjectSection
EndProject
Global
	GlobalSection(SolutionConfigurationPlatforms) = preSolution
		Debug|Any CPU = Debug|Any CPU
		Release|Any CPU = Release|Any CPU
	EndGlobalSection
	GlobalSection(ProjectConfigurationPlatforms) = postSolution
		{A1279344-6641-4070-B949-96ED1C4B4313}.Debug|Any CPU.ActiveCfg = Debug|Any CPU
		{A1279344-6641-4070-B949-96ED1C4B4313}.Debug|Any CPU.Build.0 = Debug|Any CPU
		{A1279344-6641-4070-B949-96ED1C4B4313}.Release|Any CPU.ActiveCfg = Release|Any CPU
		{A1279344-6641-4070-B949-96ED1C4B4313}.Release|Any CPU.Build.0 = Release|Any CPU
		{56713DEE-7330-4896-8616-50AEC4E3D873}.Debug|Any CPU.ActiveCfg = Debug|Any CPU
		{56713DEE-7330-4896-8616-50AEC4E3D873}.Debug|Any CPU.Build.0 = Debug|Any CPU
		{56713DEE-7330-4896-8616-50AEC4E3D873}.Release|Any CPU.ActiveCfg = Release|Any CPU
		{56713DEE-7330-4896-8616-50AEC4E3D873}.Release|Any CPU.Build.0 = Release|Any CPU
	EndGlobalSection
	GlobalSection(SolutionProperties) = preSolution
		HideSolutionNode = FALSE
	EndGlobalSection
	GlobalSection(ExtensibilityGlobals) = postSolution
		SolutionGuid = {5FB477CF-E94D-45A6-83EE-7D229D914EE3}
	EndGlobalSection
EndGlobal
